{
  "nodes": {
    "flakes": {
      "locked": {
        "lastModified": 1698521752,
        "narHash": "sha256-pX7tUeojPy45u2EaCnJbkLuf6cnvAN9xsnIDIZ8pqSg=",
        "owner": "deemp",
        "repo": "flakes",
        "rev": "a7f0ed2826a4d4dff4259ae4cc9a3f409e096375",
        "type": "github"
      },
      "original": {
        "owner": "deemp",
        "repo": "flakes",
        "type": "github"
      }
    },
    "root": {
      "inputs": {
        "flakes": "flakes"
      }
    }
  },
  "root": "root",
  "version": 7
}
