{
  "nodes": {
    "flakes": {
      "locked": {
        "lastModified": 1701470765,
        "narHash": "sha256-12Vxf78Ce+JRbYBL6YuzQEVWKMAhW2l9xuiN2LAtk68=",
        "owner": "deemp",
        "repo": "flakes",
        "rev": "d1419c7bfd7f07826ab08d514662451e55a6e2fd",
        "type": "github"
      },
      "original": {
        "owner": "deemp",
        "repo": "flakes",
        "type": "github"
      }
    },
    "pdfjs": {
      "flake": false,
      "locked": {
        "host": "gitlab.pg.innopolis.university",
        "lastModified": 1701565906,
        "narHash": "sha256-ZKjXXnlJwtuRolWN9AqAZXvaJn0CSV7uYJhfarMe46g=",
        "owner": "elibrary",
        "repo": "pdf.js",
        "rev": "b45b0411e16a244b2b505bf063261b00abd19b11",
        "type": "gitlab"
      },
      "original": {
        "host": "gitlab.pg.innopolis.university",
        "owner": "elibrary",
        "repo": "pdf.js",
        "type": "gitlab"
      }
    },
    "root": {
      "inputs": {
        "flakes": "flakes",
        "pdfjs": "pdfjs"
      }
    }
  },
  "root": "root",
  "version": 7
}
