{
  "nodes": {
    "flakes": {
      "locked": {
        "lastModified": 1698742110,
        "narHash": "sha256-3Pz5iko5enknzwh0g9v4Kw5CrNuwkQxq1gqQIFMHU40=",
        "owner": "deemp",
        "repo": "flakes",
        "rev": "2f6c0048551282411e14692cafa1986568a3e5e3",
        "type": "github"
      },
      "original": {
        "owner": "deemp",
        "repo": "flakes",
        "type": "github"
      }
    },
    "flakes_2": {
      "locked": {
        "lastModified": 1698521752,
        "narHash": "sha256-pX7tUeojPy45u2EaCnJbkLuf6cnvAN9xsnIDIZ8pqSg=",
        "owner": "deemp",
        "repo": "flakes",
        "rev": "a7f0ed2826a4d4dff4259ae4cc9a3f409e096375",
        "type": "github"
      },
      "original": {
        "owner": "deemp",
        "repo": "flakes",
        "type": "github"
      }
    },
    "nixpkgs": {
      "locked": {
        "lastModified": 1697700926,
        "narHash": "sha256-4tQvS/t7Dt19L7GwjZ2D2r3M0LKtFxhG6BEGitDyUhQ=",
        "owner": "NixOS",
        "repo": "nixpkgs",
        "rev": "2bbf67d3c76927b5c3148f32c0e93c14e5dbc2d9",
        "type": "github"
      },
      "original": {
        "owner": "NixOS",
        "repo": "nixpkgs",
        "rev": "2bbf67d3c76927b5c3148f32c0e93c14e5dbc2d9",
        "type": "github"
      }
    },
    "pdfjs": {
      "inputs": {
        "flakes": "flakes_2"
      },
      "locked": {
        "host": "gitlab.pg.innopolis.university",
        "lastModified": 1698601564,
        "narHash": "sha256-q4DFPifZ0+5/i2Ii+6GdzKuSSUYI2gKco9wckg0U4T8=",
        "owner": "elibrary",
        "repo": "pdfjs",
        "rev": "f3c56acc2dd2a7af0a77e0f4e454ca82fc03d33d",
        "type": "gitlab"
      },
      "original": {
        "host": "gitlab.pg.innopolis.university",
        "owner": "elibrary",
        "repo": "pdfjs",
        "type": "gitlab"
      }
    },
    "root": {
      "inputs": {
        "flakes": "flakes",
        "nixpkgs": "nixpkgs",
        "pdfjs": "pdfjs",
        "slimlock": "slimlock"
      }
    },
    "slimlock": {
      "inputs": {
        "nixpkgs": [
          "nixpkgs"
        ]
      },
      "locked": {
        "lastModified": 1688756706,
        "narHash": "sha256-xzkkMv3neJJJ89zo3o2ojp7nFeaZc2G0fYwNXNJRFlo=",
        "owner": "thomashoneyman",
        "repo": "slimlock",
        "rev": "cf72723f59e2340d24881fd7bf61cb113b4c407c",
        "type": "github"
      },
      "original": {
        "owner": "thomashoneyman",
        "repo": "slimlock",
        "type": "github"
      }
    }
  },
  "root": "root",
  "version": 7
}
